Microsoft Visual Studio Solution File, Format Version 11.00
# Visual Studio 2008

Project("{F1A76F66-CCA6-77C6-E628-D9CA58A6C8FC}") = "Flow", "Assembly-CSharp-vs.csproj", "{C9E04F21-2FE8-02AF-EF4E-F4809D0E7E01}"
EndProject
Global
	GlobalSection(SolutionConfigurationPlatforms) = preSolution
		Debug|Any CPU = Debug|Any CPU
		Release|Any CPU = Release|Any CPU
	EndGlobalSection
	GlobalSection(ProjectConfigurationPlatforms) = postSolution
		{C9E04F21-2FE8-02AF-EF4E-F4809D0E7E01}.Debug|Any CPU.ActiveCfg = Debug|Any CPU
		{C9E04F21-2FE8-02AF-EF4E-F4809D0E7E01}.Debug|Any CPU.Build.0 = Debug|Any CPU
		{C9E04F21-2FE8-02AF-EF4E-F4809D0E7E01}.Release|Any CPU.ActiveCfg = Release|Any CPU
		{C9E04F21-2FE8-02AF-EF4E-F4809D0E7E01}.Release|Any CPU.Build.0 = Release|Any CPU
	EndGlobalSection
	GlobalSection(SolutionProperties) = preSolution
		HideSolutionNode = FALSE
	EndGlobalSection
					GlobalSection(MonoDevelopProperties) = preSolution
		StartupItem = Assembly-CSharp.csproj
	EndGlobalSection

EndGlobal
